
Microsoft Visual Studio Solution File, Format Version 12.00
# Visual Studio Version 17
VisualStudioVersion = 17.14.36202.13 d17.14
MinimumVisualStudioVersion = 10.0.40219.1
Project("{FAE04EC0-301F-11D3-BF4B-00C04F79EFBC}") = "KriptolojiSite", "KriptolojiSite\KriptolojiSite.csproj", "{FC5143DD-4178-499E-B0B5-22EE68D4265D}"
EndProject
Global
	GlobalSection(SolutionConfigurationPlatforms) = preSolution
		Debug|Any CPU = Debug|Any CPU
		Release|Any CPU = Release|Any CPU
	EndGlobalSection
	GlobalSection(ProjectConfigurationPlatforms) = postSolution
		{FC5143DD-4178-499E-B0B5-22EE68D4265D}.Debug|Any CPU.ActiveCfg = Debug|Any CPU
		{FC5143DD-4178-499E-B0B5-22EE68D4265D}.Debug|Any CPU.Build.0 = Debug|Any CPU
		{FC5143DD-4178-499E-B0B5-22EE68D4265D}.Release|Any CPU.ActiveCfg = Release|Any CPU
		{FC5143DD-4178-499E-B0B5-22EE68D4265D}.Release|Any CPU.Build.0 = Release|Any CPU
	EndGlobalSection
	GlobalSection(SolutionProperties) = preSolution
		HideSolutionNode = FALSE
	EndGlobalSection
	GlobalSection(ExtensibilityGlobals) = postSolution
		SolutionGuid = {26A75358-8253-4543-920D-27C80E641B25}
	EndGlobalSection
EndGlobal
